
Microsoft Visual Studio Solution File, Format Version 12.00
# Visual Studio Version 17
VisualStudioVersion = 17.3.32825.248
MinimumVisualStudioVersion = 10.0.40219.1
Project("{FAE04EC0-301F-11D3-BF4B-00C04F79EFBC}") = "SchoolAttendanceSystem.Api", "SchoolAttendanceSystem.Api\SchoolAttendanceSystem.Api.csproj", "{1E4C3880-11F6-4B96-AE55-9835CFE43553}"
EndProject
Project("{FAE04EC0-301F-11D3-BF4B-00C04F79EFBC}") = "SchoolAttendanceSystem.BLL", "SchoolAttendanceSystem.BLL\SchoolAttendanceSystem.BLL.csproj", "{49C2CE8F-1CBE-4472-98B9-7EAA03F35C1A}"
EndProject
Project("{FAE04EC0-301F-11D3-BF4B-00C04F79EFBC}") = "SchoolAttendanceSystem.DAL", "SchoolAttendanceSystem.DAL\SchoolAttendanceSystem.DAL.csproj", "{68D62566-1A97-48D5-A6FD-FA7FEF6BF16D}"
EndProject
Global
	GlobalSection(SolutionConfigurationPlatforms) = preSolution
		Debug|Any CPU = Debug|Any CPU
		Release|Any CPU = Release|Any CPU
	EndGlobalSection
	GlobalSection(ProjectConfigurationPlatforms) = postSolution
		{1E4C3880-11F6-4B96-AE55-9835CFE43553}.Debug|Any CPU.ActiveCfg = Debug|Any CPU
		{1E4C3880-11F6-4B96-AE55-9835CFE43553}.Debug|Any CPU.Build.0 = Debug|Any CPU
		{1E4C3880-11F6-4B96-AE55-9835CFE43553}.Release|Any CPU.ActiveCfg = Release|Any CPU
		{1E4C3880-11F6-4B96-AE55-9835CFE43553}.Release|Any CPU.Build.0 = Release|Any CPU
		{49C2CE8F-1CBE-4472-98B9-7EAA03F35C1A}.Debug|Any CPU.ActiveCfg = Debug|Any CPU
		{49C2CE8F-1CBE-4472-98B9-7EAA03F35C1A}.Debug|Any CPU.Build.0 = Debug|Any CPU
		{49C2CE8F-1CBE-4472-98B9-7EAA03F35C1A}.Release|Any CPU.ActiveCfg = Release|Any CPU
		{49C2CE8F-1CBE-4472-98B9-7EAA03F35C1A}.Release|Any CPU.Build.0 = Release|Any CPU
		{68D62566-1A97-48D5-A6FD-FA7FEF6BF16D}.Debug|Any CPU.ActiveCfg = Debug|Any CPU
		{68D62566-1A97-48D5-A6FD-FA7FEF6BF16D}.Debug|Any CPU.Build.0 = Debug|Any CPU
		{68D62566-1A97-48D5-A6FD-FA7FEF6BF16D}.Release|Any CPU.ActiveCfg = Release|Any CPU
		{68D62566-1A97-48D5-A6FD-FA7FEF6BF16D}.Release|Any CPU.Build.0 = Release|Any CPU
	EndGlobalSection
	GlobalSection(SolutionProperties) = preSolution
		HideSolutionNode = FALSE
	EndGlobalSection
	GlobalSection(ExtensibilityGlobals) = postSolution
		SolutionGuid = {5C89C870-7212-44D9-9917-6C6E81BC4E27}
	EndGlobalSection
EndGlobal
